
Microsoft Visual Studio Solution File, Format Version 11.00
# Visual Studio 2010
Project("{8BC9CEB8-8B4A-11D0-8D11-00A0C91BC942}") = "Client", "Client\Client.vcxproj", "{E6B59D47-98F1-448C-8DB4-1BCD0D774777}"
EndProject
Global
	GlobalSection(SolutionConfigurationPlatforms) = preSolution
		Debug|Win32 = Debug|Win32
		Release|Win32 = Release|Win32
	EndGlobalSection
	GlobalSection(ProjectConfigurationPlatforms) = postSolution
		{E6B59D47-98F1-448C-8DB4-1BCD0D774777}.Debug|Win32.ActiveCfg = Debug|Win32
		{E6B59D47-98F1-448C-8DB4-1BCD0D774777}.Debug|Win32.Build.0 = Debug|Win32
		{E6B59D47-98F1-448C-8DB4-1BCD0D774777}.Release|Win32.ActiveCfg = Release|Win32
		{E6B59D47-98F1-448C-8DB4-1BCD0D774777}.Release|Win32.Build.0 = Release|Win32
	EndGlobalSection
	GlobalSection(SolutionProperties) = preSolution
		HideSolutionNode = FALSE
	EndGlobalSection
EndGlobal
